{
  "originHash" : "64629aea55bb53156b10bcd6412d591edbdd135425cc278471b0ce8cb1a8b948",
  "pins" : [
    {
      "identity" : "capacitor-swift-pm",
      "kind" : "remoteSourceControl",
      "location" : "https://github.com/ionic-team/capacitor-swift-pm.git",
      "state" : {
        "revision" : "13a39179b3df796f3bb2e70c47ccdd92593f34d2",
        "version" : "8.0.2"
      }
    },
    {
      "identity" : "sentry-cocoa",
      "kind" : "remoteSourceControl",
      "location" : "https://github.com/getsentry/sentry-cocoa",
      "state" : {
        "revision" : "7e77c22816c024d7385d7ab5fbf4b00130853a43",
        "version" : "9.5.1"
      }
    }
  ],
  "version" : 3
}
